<?xml version="1.0" encoding="utf-8"?>
<Project ToolsVersion="4.0" xmlns="http://schemas.microsoft.com/developer/msbuild/2003">
  <ItemGroup>
    <Filter Include="Source Files">
      <UniqueIdentifier>{4FC737F1-C7A5-4376-A066-2A32D752A2FF}</UniqueIdentifier>
      <Extensions>cpp;c;cc;cxx;def;odl;idl;hpj;bat;asm;asmx</Extensions>
    </Filter>
    <Filter Include="Header Files">
      <UniqueIdentifier>{93995380-89BD-4b04-88EB-625FBE52EBFB}</UniqueIdentifier>
      <Extensions>h;hh;hpp;hxx;hm;inl;inc;ipp;xsd</Extensions>
    </Filter>
    <Filter Include="Resource Files">
      <UniqueIdentifier>{67DA6AB6-F800-4c08-8B7A-83BB121AAD01}</UniqueIdentifier>
      <Extensions>rc;ico;cur;bmp;dlg;rc2;rct;bin;rgs;gif;jpg;jpeg;jpe;resx;tiff;tif;png;wav;mfcribbon-ms</Extensions>
    </Filter>
    <Filter Include="Header Files\Components">
      <UniqueIdentifier>{a7092554-5c44-406b-95b5-a24290fe7fb0}</UniqueIdentifier>
    </Filter>
    <Filter Include="Header Files\Builders">
      <UniqueIdentifier>{e4659dd7-8d97-4ee3-ad16-353013b31cdb}</UniqueIdentifier>
    </Filter>
    <Filter Include="Header Files\Maze">
      <UniqueIdentifier>{74212900-108a-457f-a516-43cddd53d48e}</UniqueIdentifier>
    </Filter>
    <Filter Include="Source Files\Components">
      <UniqueIdentifier>{e9099b0c-d846-40fc-9285-d24d066e3c86}</UniqueIdentifier>
    </Filter>
    <Filter Include="Source Files\Builders">
      <UniqueIdentifier>{568d6e7e-e2ff-4743-91c6-d27c5e26dc64}</UniqueIdentifier>
    </Filter>
    <Filter Include="Source Files\Maze">
      <UniqueIdentifier>{8a4e248c-2cc9-4324-9385-3f1158c8e843}</UniqueIdentifier>
    </Filter>
  </ItemGroup>
  <ItemGroup>
    <ClCompile Include="Main.cpp">
      <Filter>Source Files</Filter>
    </ClCompile>
    <ClCompile Include="DisjointSets.cpp">
      <Filter>Source Files\Maze</Filter>
    </ClCompile>
    <ClCompile Include="EntityFollow.cpp">
      <Filter>Source Files\Components</Filter>
    </ClCompile>
    <ClCompile Include="HUDBuilder.cpp">
      <Filter>Source Files\Builders</Filter>
    </ClCompile>
    <ClCompile Include="LivingEntityComponent.cpp">
      <Filter>Source Files\Components</Filter>
    </ClCompile>
    <ClCompile Include="MapHUDBuilder.cpp">
      <Filter>Source Files\Builders</Filter>
    </ClCompile>
    <ClCompile Include="Maze.cpp">
      <Filter>Source Files\Maze</Filter>
    </ClCompile>
    <ClCompile Include="MazeCell.cpp">
      <Filter>Source Files\Maze</Filter>
    </ClCompile>
    <ClCompile Include="MazeEntityComponent.cpp">
      <Filter>Source Files\Components</Filter>
    </ClCompile>
    <ClCompile Include="PlayerComponent.cpp">
      <Filter>Source Files\Components</Filter>
    </ClCompile>
    <ClCompile Include="ThreeDMazeEntityBuilder.cpp">
      <Filter>Source Files\Builders</Filter>
    </ClCompile>
    <ClCompile Include="TwoDMazeEntityBuilder.cpp">
      <Filter>Source Files\Builders</Filter>
    </ClCompile>
    <ClCompile Include="CollisionSystem.cpp">
      <Filter>Source Files\Maze</Filter>
    </ClCompile>
    <ClCompile Include="MazeLevel.cpp">
      <Filter>Source Files\Maze</Filter>
    </ClCompile>
  </ItemGroup>
  <ItemGroup>
    <ClInclude Include="LivingEntityComponent.h">
      <Filter>Header Files\Components</Filter>
    </ClInclude>
    <ClInclude Include="MazeEntityComponent.h">
      <Filter>Header Files\Components</Filter>
    </ClInclude>
    <ClInclude Include="PlayerComponent.h">
      <Filter>Header Files\Components</Filter>
    </ClInclude>
    <ClInclude Include="IMazeEntityBuilder.h">
      <Filter>Header Files\Builders</Filter>
    </ClInclude>
    <ClInclude Include="HUDBuilder.h">
      <Filter>Header Files\Builders</Filter>
    </ClInclude>
    <ClInclude Include="MapHudBuilder.h">
      <Filter>Header Files\Builders</Filter>
    </ClInclude>
    <ClInclude Include="ThreeDMazeEntityBuilder.h">
      <Filter>Header Files\Builders</Filter>
    </ClInclude>
    <ClInclude Include="TwoDMazeEntityBuilder.h">
      <Filter>Header Files\Builders</Filter>
    </ClInclude>
    <ClInclude Include="DisjointSets.h">
      <Filter>Header Files\Maze</Filter>
    </ClInclude>
    <ClInclude Include="EntityFollow.h">
      <Filter>Header Files\Components</Filter>
    </ClInclude>
    <ClInclude Include="Maze.h">
      <Filter>Header Files\Maze</Filter>
    </ClInclude>
    <ClInclude Include="MazeCell.h">
      <Filter>Header Files\Maze</Filter>
    </ClInclude>
    <ClInclude Include="MazeLevel.h">
      <Filter>Header Files\Maze</Filter>
    </ClInclude>
    <ClInclude Include="CollisionSystem.h">
      <Filter>Header Files\Maze</Filter>
    </ClInclude>
  </ItemGroup>
</Project>